<Solution>
  <Folder Name="/src/">
    <Project Path="src/Api/Api.csproj" />
    <Project Path="src/Notifications/Notifications.csproj" />
    <Project Path="src/Platform/Platform.csproj" />
    <Project Path="src/PMO/PMO.csproj" />
    <Project Path="src/Rollup/Rollup.csproj" />
    <Project Path="src/Shared/Shared.csproj" />
    <Project Path="src/SMO/SMO.csproj" />
    <Project Path="src/Worker/Worker.csproj" />
    <Project Path="src/Workflow/Workflow.csproj" />
  </Folder>
</Solution>
